
Microsoft Visual Studio Solution File, Format Version 12.00
# Visual Studio Version 16
VisualStudioVersion = 16.0.31424.327
MinimumVisualStudioVersion = 10.0.40219.1
Project("{FAE04EC0-301F-11D3-BF4B-00C04F79EFBC}") = "helloworld", "helloworld\helloworld.csproj", "{FD8E1E0F-1663-4312-83BF-3898CEE51667}"
EndProject
Global
	GlobalSection(SolutionConfigurationPlatforms) = preSolution
		Debug|Any CPU = Debug|Any CPU
		Release|Any CPU = Release|Any CPU
	EndGlobalSection
	GlobalSection(ProjectConfigurationPlatforms) = postSolution
		{FD8E1E0F-1663-4312-83BF-3898CEE51667}.Debug|Any CPU.ActiveCfg = Debug|Any CPU
		{FD8E1E0F-1663-4312-83BF-3898CEE51667}.Debug|Any CPU.Build.0 = Debug|Any CPU
		{FD8E1E0F-1663-4312-83BF-3898CEE51667}.Release|Any CPU.ActiveCfg = Release|Any CPU
		{FD8E1E0F-1663-4312-83BF-3898CEE51667}.Release|Any CPU.Build.0 = Release|Any CPU
	EndGlobalSection
	GlobalSection(SolutionProperties) = preSolution
		HideSolutionNode = FALSE
	EndGlobalSection
	GlobalSection(ExtensibilityGlobals) = postSolution
		SolutionGuid = {813FF461-3112-4FB5-A26C-ACFE7C236A1D}
	EndGlobalSection
EndGlobal
